{
  "name": "filterline",
  "version": "1.0.0",
  "lockfileVersion": 1,
  "requires": true,
  "dependencies": {
    "eoml": {
      "version": "1.0.2",
      "resolved": "https://registry.npmjs.org/eoml/-/eoml-1.0.2.tgz",
      "integrity": "sha512-GeZ73NBV8w4R1ig8NRP7uXEuct4YTjsaeIcoZcd0nGxysl11v/7epk0x0cV53+f+lPXXd8FMN94W7/jFhaF3cQ=="
    }
  }
}
